
Microsoft Visual Studio Solution File, Format Version 12.00
# Visual Studio Version 17
VisualStudioVersion = 17.1.32228.430
MinimumVisualStudioVersion = 10.0.40219.1
Project("{9A19103F-16F7-4668-BE54-9A1E7A4F7556}") = "Models", "Infrastructure\Models.csproj", "{D7FCF7F1-3F79-4713-B083-C02D1FDA59C9}"
EndProject
Project("{9A19103F-16F7-4668-BE54-9A1E7A4F7556}") = "DataAccess", "DataAccess\DataAccess.csproj", "{DE1DAD15-7D08-452A-A14D-A8B3251C9E92}"
EndProject
Project("{9A19103F-16F7-4668-BE54-9A1E7A4F7556}") = "BusinessLogic", "BusinessLogic\BusinessLogic.csproj", "{BCD4F681-95A9-4F16-B92E-A6E6D7278808}"
EndProject
Project("{9A19103F-16F7-4668-BE54-9A1E7A4F7556}") = "WebAPI", "WebAPI\WebAPI.csproj", "{2B79CE11-006D-41AF-9AEC-74F064EA322F}"
EndProject
Project("{E53339B2-1760-4266-BCC7-CA923CBCF16C}") = "docker-compose", "docker-compose.dcproj", "{9E4B5E94-8F35-4E3D-9EF6-857FC68DB204}"
EndProject
Global
	GlobalSection(SolutionConfigurationPlatforms) = preSolution
		Debug|Any CPU = Debug|Any CPU
		Release|Any CPU = Release|Any CPU
	EndGlobalSection
	GlobalSection(ProjectConfigurationPlatforms) = postSolution
		{D7FCF7F1-3F79-4713-B083-C02D1FDA59C9}.Debug|Any CPU.ActiveCfg = Debug|Any CPU
		{D7FCF7F1-3F79-4713-B083-C02D1FDA59C9}.Debug|Any CPU.Build.0 = Debug|Any CPU
		{D7FCF7F1-3F79-4713-B083-C02D1FDA59C9}.Release|Any CPU.ActiveCfg = Release|Any CPU
		{D7FCF7F1-3F79-4713-B083-C02D1FDA59C9}.Release|Any CPU.Build.0 = Release|Any CPU
		{DE1DAD15-7D08-452A-A14D-A8B3251C9E92}.Debug|Any CPU.ActiveCfg = Debug|Any CPU
		{DE1DAD15-7D08-452A-A14D-A8B3251C9E92}.Debug|Any CPU.Build.0 = Debug|Any CPU
		{DE1DAD15-7D08-452A-A14D-A8B3251C9E92}.Release|Any CPU.ActiveCfg = Release|Any CPU
		{DE1DAD15-7D08-452A-A14D-A8B3251C9E92}.Release|Any CPU.Build.0 = Release|Any CPU
		{BCD4F681-95A9-4F16-B92E-A6E6D7278808}.Debug|Any CPU.ActiveCfg = Debug|Any CPU
		{BCD4F681-95A9-4F16-B92E-A6E6D7278808}.Debug|Any CPU.Build.0 = Debug|Any CPU
		{BCD4F681-95A9-4F16-B92E-A6E6D7278808}.Release|Any CPU.ActiveCfg = Release|Any CPU
		{BCD4F681-95A9-4F16-B92E-A6E6D7278808}.Release|Any CPU.Build.0 = Release|Any CPU
		{2B79CE11-006D-41AF-9AEC-74F064EA322F}.Debug|Any CPU.ActiveCfg = Debug|Any CPU
		{2B79CE11-006D-41AF-9AEC-74F064EA322F}.Debug|Any CPU.Build.0 = Debug|Any CPU
		{2B79CE11-006D-41AF-9AEC-74F064EA322F}.Release|Any CPU.ActiveCfg = Release|Any CPU
		{2B79CE11-006D-41AF-9AEC-74F064EA322F}.Release|Any CPU.Build.0 = Release|Any CPU
		{9E4B5E94-8F35-4E3D-9EF6-857FC68DB204}.Debug|Any CPU.ActiveCfg = Debug|Any CPU
		{9E4B5E94-8F35-4E3D-9EF6-857FC68DB204}.Debug|Any CPU.Build.0 = Debug|Any CPU
		{9E4B5E94-8F35-4E3D-9EF6-857FC68DB204}.Release|Any CPU.ActiveCfg = Release|Any CPU
		{9E4B5E94-8F35-4E3D-9EF6-857FC68DB204}.Release|Any CPU.Build.0 = Release|Any CPU
	EndGlobalSection
	GlobalSection(SolutionProperties) = preSolution
		HideSolutionNode = FALSE
	EndGlobalSection
	GlobalSection(ExtensibilityGlobals) = postSolution
		SolutionGuid = {79ECBC66-9A90-4B3E-A68A-BE9D6556742A}
	EndGlobalSection
EndGlobal
